# LOCKFILE — chiusura transitiva pinnata esatta. Nessun range aperto (C-1).
# Python pinnato: 3.12 (vedi .python-version).
# esper escluso di proposito: vendorizzato in vendor/esper/ (3.7), non da indice.
#
# Pydantic: chiusura transitiva reale, verificata sull'interprete 3.12 del repo.
pydantic==2.10.6
pydantic_core==2.27.2
annotated-types==0.7.0
typing_extensions==4.12.2

# Textual: l'UNICA dipendenza "viva" (IC §1.3), pinnata esatta con la chiusura
# transitiva CONGELATA (provisionata in fase 9 — adattatore/UI). Aggiornarla è un
# evento deliberato e revisionato, mai un `pip install -U` silenzioso (C-1).
# Verificato su CPython 3.12 del repo (`pip install textual==8.2.7`).
textual==8.2.7
rich==15.0.0
markdown-it-py==4.2.0
mdurl==0.1.2
linkify-it-py==2.1.0
mdit-py-plugins==0.6.1
uc-micro-py==2.0.0
platformdirs==4.10.0
# (typing_extensions==4.12.2 già pinnato sopra — condiviso con Pydantic)
