# LOCKFILE — chiusura transitiva pinnata esatta. Nessun range aperto (C-1).
# Python pinnato: 3.12 (vedi .python-version).
# esper escluso di proposito: vendorizzato in vendor/esper/ (3.7), non da indice.
#
# Game engine HEADLESS: nessuna libreria di UI nel lockfile. La chiusura qui sotto
# è solo quella di Pydantic, verificata sull'interprete 3.12 del repo.
pydantic==2.10.6
pydantic_core==2.27.2
annotated-types==0.7.0
typing_extensions==4.12.2
